{
  "originHash" : "3410744460d892db4e6f53d7a7dd25e43531f11cf3e400f996006504360a6c0f",
  "pins" : [
    {
      "identity" : "maplibre-gl-native-distribution",
      "kind" : "remoteSourceControl",
      "location" : "https://github.com/maplibre/maplibre-gl-native-distribution.git",
      "state" : {
        "revision" : "86992aabad3e89ce8818adec2e8b9d03177d69da",
        "version" : "6.29.0"
      }
    }
  ],
  "version" : 3
}
